// !$*UTF8*$!
{
	archiveVersion = 1;
	classes = {
	};
	objectVersion = 56;
	objects = {

/* Begin PBXBuildFile section */
		9D12994129B4C2A7006A1E4A /* SignUpView.swift in Sources */ = {isa = PBXBuildFile; fileRef = 9D12994029B4C2A7006A1E4A /* SignUpView.swift */; };
		9D2AA65329C28CB700F84527 /* ProductDetailView.swift in Sources */ = {isa = PBXBuildFile; fileRef = 9D2AA65229C28CB700F84527 /* ProductDetailView.swift */; };
		9D2AA65529C28E4C00F84527 /* ProductDetailViewController.swift in Sources */ = {isa = PBXBuildFile; fileRef = 9D2AA65429C28E4C00F84527 /* ProductDetailViewController.swift */; };
		9D2AA65729C2CA5A00F84527 /* ProductDetailViewModel.swift in Sources */ = {isa = PBXBuildFile; fileRef = 9D2AA65629C2CA5A00F84527 /* ProductDetailViewModel.swift */; };
		9D2AA65929C3B02000F84527 /* UIColor+Extensions.swift in Sources */ = {isa = PBXBuildFile; fileRef = 9D2AA65829C3B02000F84527 /* UIColor+Extensions.swift */; };
		9D45849029C7C2B70017512F /* CartScreen.xcassets in Resources */ = {isa = PBXBuildFile; fileRef = 9D45848F29C7C2B70017512F /* CartScreen.xcassets */; };
		9D5BB69729C3F80B008CA7CD /* ProductsManager.swift in Sources */ = {isa = PBXBuildFile; fileRef = 9D5BB69629C3F80B008CA7CD /* ProductsManager.swift */; };
		9D5BB69D29C3FAB3008CA7CD /* CartViewController.swift in Sources */ = {isa = PBXBuildFile; fileRef = 9D5BB69C29C3FAB3008CA7CD /* CartViewController.swift */; };
		9D5BB69F29C3FABF008CA7CD /* CartTableViewCell.swift in Sources */ = {isa = PBXBuildFile; fileRef = 9D5BB69E29C3FABF008CA7CD /* CartTableViewCell.swift */; };
		9D5BB6A329C4B3C8008CA7CD /* CartViewModel.swift in Sources */ = {isa = PBXBuildFile; fileRef = 9D5BB6A229C4B3C8008CA7CD /* CartViewModel.swift */; };
		9D5BB6AF29C51B4A008CA7CD /* FireStoreReadAndWritable.swift in Sources */ = {isa = PBXBuildFile; fileRef = 9D5BB6AE29C51B4A008CA7CD /* FireStoreReadAndWritable.swift */; };
		9D5BB6B129C556BF008CA7CD /* DataDownloader.swift in Sources */ = {isa = PBXBuildFile; fileRef = 9D5BB6B029C556BF008CA7CD /* DataDownloader.swift */; };
		9D5BB6B329C61DE9008CA7CD /* UserDefaultsAccessible.swift in Sources */ = {isa = PBXBuildFile; fileRef = 9D5BB6B229C61DE9008CA7CD /* UserDefaultsAccessible.swift */; };
		9D5BB6B529C61E5F008CA7CD /* FireStoreAccessible.swift in Sources */ = {isa = PBXBuildFile; fileRef = 9D5BB6B429C61E5F008CA7CD /* FireStoreAccessible.swift */; };
		9D5BB6B729C61E70008CA7CD /* SAViewModel.swift in Sources */ = {isa = PBXBuildFile; fileRef = 9D5BB6B629C61E70008CA7CD /* SAViewModel.swift */; };
		9D6A28442992829E002454ED /* AppDelegate.swift in Sources */ = {isa = PBXBuildFile; fileRef = 9D6A28432992829E002454ED /* AppDelegate.swift */; };
		9D6A284D2992829F002454ED /* Assets.xcassets in Resources */ = {isa = PBXBuildFile; fileRef = 9D6A284C2992829F002454ED /* Assets.xcassets */; };
		9D6A28502992829F002454ED /* LaunchScreen.storyboard in Resources */ = {isa = PBXBuildFile; fileRef = 9D6A284E2992829F002454ED /* LaunchScreen.storyboard */; };
		9D7D6EBD29AFE06D007A9F47 /* LogInView.swift in Sources */ = {isa = PBXBuildFile; fileRef = 9D7D6EBC29AFE06D007A9F47 /* LogInView.swift */; };
		9D7D6EBF29AFE0EE007A9F47 /* AuthViewModel.swift in Sources */ = {isa = PBXBuildFile; fileRef = 9D7D6EBE29AFE0EE007A9F47 /* AuthViewModel.swift */; };
		9D83EB3329B8D3F900B14C81 /* User.swift in Sources */ = {isa = PBXBuildFile; fileRef = 9D83EB3229B8D3F900B14C81 /* User.swift */; };
		9D83EB3629B8DD2E00B14C81 /* FirebaseAuth in Frameworks */ = {isa = PBXBuildFile; productRef = 9D83EB3529B8DD2E00B14C81 /* FirebaseAuth */; };
		9D83EB3829B8DD2E00B14C81 /* FirebaseDatabaseSwift in Frameworks */ = {isa = PBXBuildFile; productRef = 9D83EB3729B8DD2E00B14C81 /* FirebaseDatabaseSwift */; };
		9D83EB3A29B8DD2E00B14C81 /* FirebaseFirestoreSwift in Frameworks */ = {isa = PBXBuildFile; productRef = 9D83EB3929B8DD2E00B14C81 /* FirebaseFirestoreSwift */; };
		9D83EB3C29B8DD2E00B14C81 /* FirebaseRemoteConfigSwift in Frameworks */ = {isa = PBXBuildFile; productRef = 9D83EB3B29B8DD2E00B14C81 /* FirebaseRemoteConfigSwift */; };
		9D83EB3E29B8DD2E00B14C81 /* FirebaseStorage in Frameworks */ = {isa = PBXBuildFile; productRef = 9D83EB3D29B8DD2E00B14C81 /* FirebaseStorage */; };
		9D83EB4029B8EC4700B14C81 /* GoogleService-Info.plist in Resources */ = {isa = PBXBuildFile; fileRef = 9D83EB3F29B8EC4700B14C81 /* GoogleService-Info.plist */; };
		9D91440B29A94BB300065776 /* PageModel.swift in Sources */ = {isa = PBXBuildFile; fileRef = 9D91440A29A94BB300065776 /* PageModel.swift */; };
		9D91440D29A94BBD00065776 /* OnboardingPageView.swift in Sources */ = {isa = PBXBuildFile; fileRef = 9D91440C29A94BBD00065776 /* OnboardingPageView.swift */; };
		9D91440F29A9541B00065776 /* OnboardingViewModel.swift in Sources */ = {isa = PBXBuildFile; fileRef = 9D91440E29A9541B00065776 /* OnboardingViewModel.swift */; };
		9D91441129A95B1A00065776 /* OnboardingScreenAssets.xcassets in Resources */ = {isa = PBXBuildFile; fileRef = 9D91441029A95B1A00065776 /* OnboardingScreenAssets.xcassets */; };
		9D91441329A95B2100065776 /* Placeholders.xcassets in Resources */ = {isa = PBXBuildFile; fileRef = 9D91441229A95B2100065776 /* Placeholders.xcassets */; };
		9D91441B29A966D900065776 /* AuthViewController.swift in Sources */ = {isa = PBXBuildFile; fileRef = 9D91441A29A966D900065776 /* AuthViewController.swift */; };
		9D91442029A96F7900065776 /* SAViewController.swift in Sources */ = {isa = PBXBuildFile; fileRef = 9D91441F29A96F7900065776 /* SAViewController.swift */; };
		9D91442229A96F9C00065776 /* AlertPresentable.swift in Sources */ = {isa = PBXBuildFile; fileRef = 9D91442129A96F9C00065776 /* AlertPresentable.swift */; };
		9D9AAA9729B0D5420019F7EE /* SATextViewWithSecureEntry.swift in Sources */ = {isa = PBXBuildFile; fileRef = 9D9AAA9629B0D5420019F7EE /* SATextViewWithSecureEntry.swift */; };
		9D9AAA9929B0D6700019F7EE /* EyeIcons.xcassets in Resources */ = {isa = PBXBuildFile; fileRef = 9D9AAA9829B0D6700019F7EE /* EyeIcons.xcassets */; };
		9D9E132C29BA03DD00B10C62 /* MainTabBarViewController.swift in Sources */ = {isa = PBXBuildFile; fileRef = 9D9E132B29BA03DD00B10C62 /* MainTabBarViewController.swift */; };
		9D9E132E29BA58B300B10C62 /* ProductsViewController.swift in Sources */ = {isa = PBXBuildFile; fileRef = 9D9E132D29BA58B300B10C62 /* ProductsViewController.swift */; };
		9D9E133029BA58C600B10C62 /* SearchViewController.swift in Sources */ = {isa = PBXBuildFile; fileRef = 9D9E132F29BA58C600B10C62 /* SearchViewController.swift */; };
		9D9E133629BA5CDB00B10C62 /* MainTabBarAssets.xcassets in Resources */ = {isa = PBXBuildFile; fileRef = 9D9E133529BA5CDB00B10C62 /* MainTabBarAssets.xcassets */; };
		9D9E134529BBC8D900B10C62 /* Products.swift in Sources */ = {isa = PBXBuildFile; fileRef = 9D9E134429BBC8D900B10C62 /* Products.swift */; };
		9D9E134729BBC8E100B10C62 /* Rating.swift in Sources */ = {isa = PBXBuildFile; fileRef = 9D9E134629BBC8E100B10C62 /* Rating.swift */; };
		9DAA3B1029BD616B0068FF2B /* ProductsViewModel.swift in Sources */ = {isa = PBXBuildFile; fileRef = 9DAA3B0F29BD616B0068FF2B /* ProductsViewModel.swift */; };
		9DAA3B1429BD694B0068FF2B /* ProductsViewCell.swift in Sources */ = {isa = PBXBuildFile; fileRef = 9DAA3B1329BD694B0068FF2B /* ProductsViewCell.swift */; };
		9DAA3B1A29BD6C9D0068FF2B /* ProductsScreen.xcassets in Resources */ = {isa = PBXBuildFile; fileRef = 9DAA3B1929BD6C9D0068FF2B /* ProductsScreen.xcassets */; };
		9DBF87D929CED55800ADAEAA /* ProfileView.swift in Sources */ = {isa = PBXBuildFile; fileRef = 9DBF87D829CED55800ADAEAA /* ProfileView.swift */; };
		9DBF87DB29CED5EE00ADAEAA /* ProfileViewModel.swift in Sources */ = {isa = PBXBuildFile; fileRef = 9DBF87DA29CED5EE00ADAEAA /* ProfileViewModel.swift */; };
		9DBF87DD29CED60A00ADAEAA /* ProfileViewController.swift in Sources */ = {isa = PBXBuildFile; fileRef = 9DBF87DC29CED60A00ADAEAA /* ProfileViewController.swift */; };
		9DC2E09E29D18E7200AD5398 /* FavoritesCollectionViewCell.swift in Sources */ = {isa = PBXBuildFile; fileRef = 9DC2E09D29D18E7200AD5398 /* FavoritesCollectionViewCell.swift */; };
		9DC2E0A029D1E46300AD5398 /* FirebaseStorable.swift in Sources */ = {isa = PBXBuildFile; fileRef = 9DC2E09F29D1E46300AD5398 /* FirebaseStorable.swift */; };
		9DCCF41829953169009FAFEC /* UIView+Extensions.swift in Sources */ = {isa = PBXBuildFile; fileRef = 9DCCF41729953169009FAFEC /* UIView+Extensions.swift */; };
		9DE7781229B94CA400C83604 /* Encodable+Extensions.swift in Sources */ = {isa = PBXBuildFile; fileRef = 9DE7781129B94CA400C83604 /* Encodable+Extensions.swift */; };
		9DE900E52993E16E0065416F /* OnboardingViewController.swift in Sources */ = {isa = PBXBuildFile; fileRef = 9DE900E42993E16E0065416F /* OnboardingViewController.swift */; };
		9DE900E72993E84B0065416F /* OnboardingView.swift in Sources */ = {isa = PBXBuildFile; fileRef = 9DE900E62993E84B0065416F /* OnboardingView.swift */; };
		9DED6C3329B7E0C400366D2E /* SATextView.swift in Sources */ = {isa = PBXBuildFile; fileRef = 9DED6C3229B7E0C400366D2E /* SATextView.swift */; };
		9DFDFF6529BCE4FE001EF43E /* Endpoint.swift in Sources */ = {isa = PBXBuildFile; fileRef = 9DFDFF6429BCE4FE001EF43E /* Endpoint.swift */; };
		9DFDFF6729BCE7EF001EF43E /* HTTPMethod.swift in Sources */ = {isa = PBXBuildFile; fileRef = 9DFDFF6629BCE7EF001EF43E /* HTTPMethod.swift */; };
		9DFDFF6929BCE814001EF43E /* RequestError.swift in Sources */ = {isa = PBXBuildFile; fileRef = 9DFDFF6829BCE814001EF43E /* RequestError.swift */; };
		9DFDFF6B29BCE854001EF43E /* HTTPClient.swift in Sources */ = {isa = PBXBuildFile; fileRef = 9DFDFF6A29BCE854001EF43E /* HTTPClient.swift */; };
		9DFDFF6F29BCF1F4001EF43E /* ProductsEndpoint.swift in Sources */ = {isa = PBXBuildFile; fileRef = 9DFDFF6E29BCF1F4001EF43E /* ProductsEndpoint.swift */; };
		9DFDFF7129BCF85E001EF43E /* ProductsService.swift in Sources */ = {isa = PBXBuildFile; fileRef = 9DFDFF7029BCF85E001EF43E /* ProductsService.swift */; };
/* End PBXBuildFile section */

/* Begin PBXFileReference section */
		9D12994029B4C2A7006A1E4A /* SignUpView.swift */ = {isa = PBXFileReference; lastKnownFileType = sourcecode.swift; path = SignUpView.swift; sourceTree = "<group>"; };
		9D2AA65229C28CB700F84527 /* ProductDetailView.swift */ = {isa = PBXFileReference; lastKnownFileType = sourcecode.swift; path = ProductDetailView.swift; sourceTree = "<group>"; };
		9D2AA65429C28E4C00F84527 /* ProductDetailViewController.swift */ = {isa = PBXFileReference; lastKnownFileType = sourcecode.swift; path = ProductDetailViewController.swift; sourceTree = "<group>"; };
		9D2AA65629C2CA5A00F84527 /* ProductDetailViewModel.swift */ = {isa = PBXFileReference; lastKnownFileType = sourcecode.swift; path = ProductDetailViewModel.swift; sourceTree = "<group>"; };
		9D2AA65829C3B02000F84527 /* UIColor+Extensions.swift */ = {isa = PBXFileReference; lastKnownFileType = sourcecode.swift; path = "UIColor+Extensions.swift"; sourceTree = "<group>"; };
		9D45848F29C7C2B70017512F /* CartScreen.xcassets */ = {isa = PBXFileReference; lastKnownFileType = folder.assetcatalog; path = CartScreen.xcassets; sourceTree = "<group>"; };
		9D5BB69629C3F80B008CA7CD /* ProductsManager.swift */ = {isa = PBXFileReference; lastKnownFileType = sourcecode.swift; path = ProductsManager.swift; sourceTree = "<group>"; };
		9D5BB69C29C3FAB3008CA7CD /* CartViewController.swift */ = {isa = PBXFileReference; lastKnownFileType = sourcecode.swift; path = CartViewController.swift; sourceTree = "<group>"; };
		9D5BB69E29C3FABF008CA7CD /* CartTableViewCell.swift */ = {isa = PBXFileReference; lastKnownFileType = sourcecode.swift; path = CartTableViewCell.swift; sourceTree = "<group>"; };
		9D5BB6A229C4B3C8008CA7CD /* CartViewModel.swift */ = {isa = PBXFileReference; lastKnownFileType = sourcecode.swift; path = CartViewModel.swift; sourceTree = "<group>"; };
		9D5BB6AE29C51B4A008CA7CD /* FireStoreReadAndWritable.swift */ = {isa = PBXFileReference; lastKnownFileType = sourcecode.swift; path = FireStoreReadAndWritable.swift; sourceTree = "<group>"; };
		9D5BB6B029C556BF008CA7CD /* DataDownloader.swift */ = {isa = PBXFileReference; lastKnownFileType = sourcecode.swift; path = DataDownloader.swift; sourceTree = "<group>"; };
		9D5BB6B229C61DE9008CA7CD /* UserDefaultsAccessible.swift */ = {isa = PBXFileReference; lastKnownFileType = sourcecode.swift; path = UserDefaultsAccessible.swift; sourceTree = "<group>"; };
		9D5BB6B429C61E5F008CA7CD /* FireStoreAccessible.swift */ = {isa = PBXFileReference; lastKnownFileType = sourcecode.swift; path = FireStoreAccessible.swift; sourceTree = "<group>"; };
		9D5BB6B629C61E70008CA7CD /* SAViewModel.swift */ = {isa = PBXFileReference; lastKnownFileType = sourcecode.swift; path = SAViewModel.swift; sourceTree = "<group>"; };
		9D6A28402992829E002454ED /* Shopping App.app */ = {isa = PBXFileReference; explicitFileType = wrapper.application; includeInIndex = 0; path = "Shopping App.app"; sourceTree = BUILT_PRODUCTS_DIR; };
		9D6A28432992829E002454ED /* AppDelegate.swift */ = {isa = PBXFileReference; lastKnownFileType = sourcecode.swift; path = AppDelegate.swift; sourceTree = "<group>"; };
		9D6A284C2992829F002454ED /* Assets.xcassets */ = {isa = PBXFileReference; lastKnownFileType = folder.assetcatalog; path = Assets.xcassets; sourceTree = "<group>"; };
		9D6A284F2992829F002454ED /* Base */ = {isa = PBXFileReference; lastKnownFileType = file.storyboard; name = Base; path = Base.lproj/LaunchScreen.storyboard; sourceTree = "<group>"; };
		9D6A28512992829F002454ED /* Info.plist */ = {isa = PBXFileReference; lastKnownFileType = text.plist.xml; path = Info.plist; sourceTree = "<group>"; };
		9D7D6EBC29AFE06D007A9F47 /* LogInView.swift */ = {isa = PBXFileReference; lastKnownFileType = sourcecode.swift; path = LogInView.swift; sourceTree = "<group>"; };
		9D7D6EBE29AFE0EE007A9F47 /* AuthViewModel.swift */ = {isa = PBXFileReference; lastKnownFileType = sourcecode.swift; path = AuthViewModel.swift; sourceTree = "<group>"; };
		9D83EB3229B8D3F900B14C81 /* User.swift */ = {isa = PBXFileReference; lastKnownFileType = sourcecode.swift; path = User.swift; sourceTree = "<group>"; };
		9D83EB3F29B8EC4700B14C81 /* GoogleService-Info.plist */ = {isa = PBXFileReference; fileEncoding = 4; lastKnownFileType = text.plist.xml; path = "GoogleService-Info.plist"; sourceTree = "<group>"; };
		9D91440A29A94BB300065776 /* PageModel.swift */ = {isa = PBXFileReference; fileEncoding = 4; lastKnownFileType = sourcecode.swift; path = PageModel.swift; sourceTree = "<group>"; };
		9D91440C29A94BBD00065776 /* OnboardingPageView.swift */ = {isa = PBXFileReference; fileEncoding = 4; lastKnownFileType = sourcecode.swift; path = OnboardingPageView.swift; sourceTree = "<group>"; };
		9D91440E29A9541B00065776 /* OnboardingViewModel.swift */ = {isa = PBXFileReference; fileEncoding = 4; lastKnownFileType = sourcecode.swift; path = OnboardingViewModel.swift; sourceTree = "<group>"; };
		9D91441029A95B1A00065776 /* OnboardingScreenAssets.xcassets */ = {isa = PBXFileReference; lastKnownFileType = folder.assetcatalog; path = OnboardingScreenAssets.xcassets; sourceTree = "<group>"; };
		9D91441229A95B2100065776 /* Placeholders.xcassets */ = {isa = PBXFileReference; lastKnownFileType = folder.assetcatalog; path = Placeholders.xcassets; sourceTree = "<group>"; };
		9D91441A29A966D900065776 /* AuthViewController.swift */ = {isa = PBXFileReference; lastKnownFileType = sourcecode.swift; path = AuthViewController.swift; sourceTree = "<group>"; };
		9D91441F29A96F7900065776 /* SAViewController.swift */ = {isa = PBXFileReference; lastKnownFileType = sourcecode.swift; path = SAViewController.swift; sourceTree = "<group>"; };
		9D91442129A96F9C00065776 /* AlertPresentable.swift */ = {isa = PBXFileReference; lastKnownFileType = sourcecode.swift; path = AlertPresentable.swift; sourceTree = "<group>"; };
		9D9AAA9629B0D5420019F7EE /* SATextViewWithSecureEntry.swift */ = {isa = PBXFileReference; lastKnownFileType = sourcecode.swift; path = SATextViewWithSecureEntry.swift; sourceTree = "<group>"; };
		9D9AAA9829B0D6700019F7EE /* EyeIcons.xcassets */ = {isa = PBXFileReference; lastKnownFileType = folder.assetcatalog; path = EyeIcons.xcassets; sourceTree = "<group>"; };
		9D9E132B29BA03DD00B10C62 /* MainTabBarViewController.swift */ = {isa = PBXFileReference; lastKnownFileType = sourcecode.swift; path = MainTabBarViewController.swift; sourceTree = "<group>"; };
		9D9E132D29BA58B300B10C62 /* ProductsViewController.swift */ = {isa = PBXFileReference; lastKnownFileType = sourcecode.swift; path = ProductsViewController.swift; sourceTree = "<group>"; };
		9D9E132F29BA58C600B10C62 /* SearchViewController.swift */ = {isa = PBXFileReference; lastKnownFileType = sourcecode.swift; path = SearchViewController.swift; sourceTree = "<group>"; };
		9D9E133529BA5CDB00B10C62 /* MainTabBarAssets.xcassets */ = {isa = PBXFileReference; lastKnownFileType = folder.assetcatalog; path = MainTabBarAssets.xcassets; sourceTree = "<group>"; };
		9D9E134429BBC8D900B10C62 /* Products.swift */ = {isa = PBXFileReference; lastKnownFileType = sourcecode.swift; path = Products.swift; sourceTree = "<group>"; };
		9D9E134629BBC8E100B10C62 /* Rating.swift */ = {isa = PBXFileReference; lastKnownFileType = sourcecode.swift; path = Rating.swift; sourceTree = "<group>"; };
		9DAA3B0F29BD616B0068FF2B /* ProductsViewModel.swift */ = {isa = PBXFileReference; lastKnownFileType = sourcecode.swift; path = ProductsViewModel.swift; sourceTree = "<group>"; };
		9DAA3B1329BD694B0068FF2B /* ProductsViewCell.swift */ = {isa = PBXFileReference; lastKnownFileType = sourcecode.swift; path = ProductsViewCell.swift; sourceTree = "<group>"; };
		9DAA3B1929BD6C9D0068FF2B /* ProductsScreen.xcassets */ = {isa = PBXFileReference; lastKnownFileType = folder.assetcatalog; path = ProductsScreen.xcassets; sourceTree = "<group>"; };
		9DBF87D829CED55800ADAEAA /* ProfileView.swift */ = {isa = PBXFileReference; lastKnownFileType = sourcecode.swift; path = ProfileView.swift; sourceTree = "<group>"; };
		9DBF87DA29CED5EE00ADAEAA /* ProfileViewModel.swift */ = {isa = PBXFileReference; lastKnownFileType = sourcecode.swift; path = ProfileViewModel.swift; sourceTree = "<group>"; };
		9DBF87DC29CED60A00ADAEAA /* ProfileViewController.swift */ = {isa = PBXFileReference; lastKnownFileType = sourcecode.swift; path = ProfileViewController.swift; sourceTree = "<group>"; };
		9DC2E09D29D18E7200AD5398 /* FavoritesCollectionViewCell.swift */ = {isa = PBXFileReference; lastKnownFileType = sourcecode.swift; path = FavoritesCollectionViewCell.swift; sourceTree = "<group>"; };
		9DC2E09F29D1E46300AD5398 /* FirebaseStorable.swift */ = {isa = PBXFileReference; lastKnownFileType = sourcecode.swift; path = FirebaseStorable.swift; sourceTree = "<group>"; };
		9DCCF41729953169009FAFEC /* UIView+Extensions.swift */ = {isa = PBXFileReference; lastKnownFileType = sourcecode.swift; path = "UIView+Extensions.swift"; sourceTree = "<group>"; };
		9DE7781129B94CA400C83604 /* Encodable+Extensions.swift */ = {isa = PBXFileReference; lastKnownFileType = sourcecode.swift; path = "Encodable+Extensions.swift"; sourceTree = "<group>"; };
		9DE900E42993E16E0065416F /* OnboardingViewController.swift */ = {isa = PBXFileReference; lastKnownFileType = sourcecode.swift; path = OnboardingViewController.swift; sourceTree = "<group>"; };
		9DE900E62993E84B0065416F /* OnboardingView.swift */ = {isa = PBXFileReference; lastKnownFileType = sourcecode.swift; path = OnboardingView.swift; sourceTree = "<group>"; };
		9DED6C3229B7E0C400366D2E /* SATextView.swift */ = {isa = PBXFileReference; lastKnownFileType = sourcecode.swift; path = SATextView.swift; sourceTree = "<group>"; };
		9DFDFF6429BCE4FE001EF43E /* Endpoint.swift */ = {isa = PBXFileReference; lastKnownFileType = sourcecode.swift; path = Endpoint.swift; sourceTree = "<group>"; };
		9DFDFF6629BCE7EF001EF43E /* HTTPMethod.swift */ = {isa = PBXFileReference; lastKnownFileType = sourcecode.swift; path = HTTPMethod.swift; sourceTree = "<group>"; };
		9DFDFF6829BCE814001EF43E /* RequestError.swift */ = {isa = PBXFileReference; lastKnownFileType = sourcecode.swift; path = RequestError.swift; sourceTree = "<group>"; };
		9DFDFF6A29BCE854001EF43E /* HTTPClient.swift */ = {isa = PBXFileReference; lastKnownFileType = sourcecode.swift; path = HTTPClient.swift; sourceTree = "<group>"; };
		9DFDFF6E29BCF1F4001EF43E /* ProductsEndpoint.swift */ = {isa = PBXFileReference; lastKnownFileType = sourcecode.swift; path = ProductsEndpoint.swift; sourceTree = "<group>"; };
		9DFDFF7029BCF85E001EF43E /* ProductsService.swift */ = {isa = PBXFileReference; lastKnownFileType = sourcecode.swift; path = ProductsService.swift; sourceTree = "<group>"; };
/* End PBXFileReference section */

/* Begin PBXFrameworksBuildPhase section */
		9D6A283D2992829E002454ED /* Frameworks */ = {
			isa = PBXFrameworksBuildPhase;
			buildActionMask = 2147483647;
			files = (
				9D83EB3829B8DD2E00B14C81 /* FirebaseDatabaseSwift in Frameworks */,
				9D83EB3C29B8DD2E00B14C81 /* FirebaseRemoteConfigSwift in Frameworks */,
				9D83EB3629B8DD2E00B14C81 /* FirebaseAuth in Frameworks */,
				9D83EB3E29B8DD2E00B14C81 /* FirebaseStorage in Frameworks */,
				9D83EB3A29B8DD2E00B14C81 /* FirebaseFirestoreSwift in Frameworks */,
			);
			runOnlyForDeploymentPostprocessing = 0;
		};
/* End PBXFrameworksBuildPhase section */

/* Begin PBXGroup section */
		9D0431EB29929764004F594B /* Delegate */ = {
			isa = PBXGroup;
			children = (
				9D6A28432992829E002454ED /* AppDelegate.swift */,
			);
			path = Delegate;
			sourceTree = "<group>";
		};
		9D0431EC29929769004F594B /* Plist */ = {
			isa = PBXGroup;
			children = (
				9D6A28512992829F002454ED /* Info.plist */,
				9D83EB3F29B8EC4700B14C81 /* GoogleService-Info.plist */,
			);
			path = Plist;
			sourceTree = "<group>";
		};
		9D0431ED2992976B004F594B /* App */ = {
			isa = PBXGroup;
			children = (
				9D91441C29A96F0A00065776 /* Core */,
				9D0431EF2992978E004F594B /* Splash Screen */,
				9D0431EE2992977F004F594B /* Asset */,
				9D0431EC29929769004F594B /* Plist */,
				9D0431EB29929764004F594B /* Delegate */,
			);
			path = App;
			sourceTree = "<group>";
		};
		9D0431EE2992977F004F594B /* Asset */ = {
			isa = PBXGroup;
			children = (
				9D6A284C2992829F002454ED /* Assets.xcassets */,
				9D45848E29C7C29B0017512F /* CartScreen */,
				9DAA3B1829BD6C510068FF2B /* ProductsScreen */,
				9DAA3B1729BD6C3A0068FF2B /* MainTabBar */,
				9DAA3B1629BD6C2B0068FF2B /* AuthScreen */,
				9DAA3B1529BD6C200068FF2B /* OnboardingScreen */,
			);
			path = Asset;
			sourceTree = "<group>";
		};
		9D0431EF2992978E004F594B /* Splash Screen */ = {
			isa = PBXGroup;
			children = (
				9D6A284E2992829F002454ED /* LaunchScreen.storyboard */,
			);
			path = "Splash Screen";
			sourceTree = "<group>";
		};
		9D0431F02992987B004F594B /* Screens */ = {
			isa = PBXGroup;
			children = (
				9D5BB69529C3F800008CA7CD /* Cart */,
				9D9E131629B9F70B00B10C62 /* TabBar */,
				9D2AA64D29C28C6800F84527 /* ProductDetail */,
				9D91441529A966A900065776 /* Authorization */,
				9D91441429A9669A00065776 /* Onboarding */,
			);
			path = Screens;
			sourceTree = "<group>";
		};
		9D12993E29B4C231006A1E4A /* Sign Up */ = {
			isa = PBXGroup;
			children = (
				9D12994029B4C2A7006A1E4A /* SignUpView.swift */,
			);
			path = "Sign Up";
			sourceTree = "<group>";
		};
		9D12993F29B4C237006A1E4A /* Log In */ = {
			isa = PBXGroup;
			children = (
				9D7D6EBC29AFE06D007A9F47 /* LogInView.swift */,
			);
			path = "Log In";
			sourceTree = "<group>";
		};
		9D2AA64D29C28C6800F84527 /* ProductDetail */ = {
			isa = PBXGroup;
			children = (
				9D2AA65129C28C8400F84527 /* Model */,
				9D2AA65029C28C8200F84527 /* View */,
				9D2AA64F29C28C7E00F84527 /* Controller */,
				9D2AA64E29C28C6D00F84527 /* ViewModel */,
			);
			path = ProductDetail;
			sourceTree = "<group>";
		};
		9D2AA64E29C28C6D00F84527 /* ViewModel */ = {
			isa = PBXGroup;
			children = (
				9D2AA65629C2CA5A00F84527 /* ProductDetailViewModel.swift */,
			);
			path = ViewModel;
			sourceTree = "<group>";
		};
		9D2AA64F29C28C7E00F84527 /* Controller */ = {
			isa = PBXGroup;
			children = (
				9D2AA65429C28E4C00F84527 /* ProductDetailViewController.swift */,
			);
			path = Controller;
			sourceTree = "<group>";
		};
		9D2AA65029C28C8200F84527 /* View */ = {
			isa = PBXGroup;
			children = (
				9D2AA65229C28CB700F84527 /* ProductDetailView.swift */,
			);
			path = View;
			sourceTree = "<group>";
		};
		9D2AA65129C28C8400F84527 /* Model */ = {
			isa = PBXGroup;
			children = (
			);
			path = Model;
			sourceTree = "<group>";
		};
		9D45848E29C7C29B0017512F /* CartScreen */ = {
			isa = PBXGroup;
			children = (
				9D45848F29C7C2B70017512F /* CartScreen.xcassets */,
			);
			path = CartScreen;
			sourceTree = "<group>";
		};
		9D50C3DE29CD56D0004B05B2 /* FireStoreHandler */ = {
			isa = PBXGroup;
			children = (
				9D5BB6B429C61E5F008CA7CD /* FireStoreAccessible.swift */,
				9D5BB6AE29C51B4A008CA7CD /* FireStoreReadAndWritable.swift */,
				9DC2E09F29D1E46300AD5398 /* FirebaseStorable.swift */,
			);
			path = FireStoreHandler;
			sourceTree = "<group>";
		};
		9D5BB69529C3F800008CA7CD /* Cart */ = {
			isa = PBXGroup;
			children = (
				9D5BB69B29C3F820008CA7CD /* Model */,
				9D5BB69A29C3F81E008CA7CD /* View */,
				9D5BB69929C3F816008CA7CD /* Controller */,
				9D5BB69829C3F811008CA7CD /* ViewModel */,
			);
			path = Cart;
			sourceTree = "<group>";
		};
		9D5BB69829C3F811008CA7CD /* ViewModel */ = {
			isa = PBXGroup;
			children = (
				9D5BB6A229C4B3C8008CA7CD /* CartViewModel.swift */,
			);
			path = ViewModel;
			sourceTree = "<group>";
		};
		9D5BB69929C3F816008CA7CD /* Controller */ = {
			isa = PBXGroup;
			children = (
				9D5BB69C29C3FAB3008CA7CD /* CartViewController.swift */,
			);
			path = Controller;
			sourceTree = "<group>";
		};
		9D5BB69A29C3F81E008CA7CD /* View */ = {
			isa = PBXGroup;
			children = (
				9D5BB69E29C3FABF008CA7CD /* CartTableViewCell.swift */,
			);
			path = View;
			sourceTree = "<group>";
		};
		9D5BB69B29C3F820008CA7CD /* Model */ = {
			isa = PBXGroup;
			children = (
			);
			path = Model;
			sourceTree = "<group>";
		};
		9D6A28372992829E002454ED = {
			isa = PBXGroup;
			children = (
				9D6A28412992829E002454ED /* Products */,
				9D6A28422992829E002454ED /* Shopping App */,
			);
			sourceTree = "<group>";
		};
		9D6A28412992829E002454ED /* Products */ = {
			isa = PBXGroup;
			children = (
				9D6A28402992829E002454ED /* Shopping App.app */,
			);
			name = Products;
			sourceTree = "<group>";
		};
		9D6A28422992829E002454ED /* Shopping App */ = {
			isa = PBXGroup;
			children = (
				9D0431ED2992976B004F594B /* App */,
				9D0431F02992987B004F594B /* Screens */,
			);
			path = "Shopping App";
			sourceTree = "<group>";
		};
		9D91440529A94B0100065776 /* ViewModel */ = {
			isa = PBXGroup;
			children = (
				9D91440E29A9541B00065776 /* OnboardingViewModel.swift */,
			);
			path = ViewModel;
			sourceTree = "<group>";
		};
		9D91440729A94B5D00065776 /* Pages */ = {
			isa = PBXGroup;
			children = (
				9D91440929A94B6400065776 /* View */,
				9D91440829A94B6200065776 /* Model */,
			);
			path = Pages;
			sourceTree = "<group>";
		};
		9D91440829A94B6200065776 /* Model */ = {
			isa = PBXGroup;
			children = (
				9D91440A29A94BB300065776 /* PageModel.swift */,
			);
			path = Model;
			sourceTree = "<group>";
		};
		9D91440929A94B6400065776 /* View */ = {
			isa = PBXGroup;
			children = (
				9D91440C29A94BBD00065776 /* OnboardingPageView.swift */,
			);
			path = View;
			sourceTree = "<group>";
		};
		9D91441429A9669A00065776 /* Onboarding */ = {
			isa = PBXGroup;
			children = (
				9D91440729A94B5D00065776 /* Pages */,
				9DE900DC2993DF130065416F /* Base */,
			);
			path = Onboarding;
			sourceTree = "<group>";
		};
		9D91441529A966A900065776 /* Authorization */ = {
			isa = PBXGroup;
			children = (
				9D91441629A966AE00065776 /* Model */,
				9D91441729A966B600065776 /* View */,
				9D91441829A966B900065776 /* ViewModel */,
				9D91441929A966BC00065776 /* Controller */,
			);
			path = Authorization;
			sourceTree = "<group>";
		};
		9D91441629A966AE00065776 /* Model */ = {
			isa = PBXGroup;
			children = (
				9D83EB3229B8D3F900B14C81 /* User.swift */,
			);
			path = Model;
			sourceTree = "<group>";
		};
		9D91441729A966B600065776 /* View */ = {
			isa = PBXGroup;
			children = (
				9D12993F29B4C237006A1E4A /* Log In */,
				9D12993E29B4C231006A1E4A /* Sign Up */,
			);
			path = View;
			sourceTree = "<group>";
		};
		9D91441829A966B900065776 /* ViewModel */ = {
			isa = PBXGroup;
			children = (
				9D7D6EBE29AFE0EE007A9F47 /* AuthViewModel.swift */,
			);
			path = ViewModel;
			sourceTree = "<group>";
		};
		9D91441929A966BC00065776 /* Controller */ = {
			isa = PBXGroup;
			children = (
				9D91441A29A966D900065776 /* AuthViewController.swift */,
			);
			path = Controller;
			sourceTree = "<group>";
		};
		9D91441C29A96F0A00065776 /* Core */ = {
			isa = PBXGroup;
			children = (
				9D9E133729BA8EF100B10C62 /* Network */,
				9D91441E29A96F5100065776 /* SAKit */,
				9D91441D29A96F3B00065776 /* Helpers */,
				9DE900E82993E9B80065416F /* Extensions */,
			);
			path = Core;
			sourceTree = "<group>";
		};
		9D91441D29A96F3B00065776 /* Helpers */ = {
			isa = PBXGroup;
			children = (
				9D50C3DE29CD56D0004B05B2 /* FireStoreHandler */,
				9D5BB6B029C556BF008CA7CD /* DataDownloader.swift */,
				9D5BB69629C3F80B008CA7CD /* ProductsManager.swift */,
				9D91442129A96F9C00065776 /* AlertPresentable.swift */,
				9D5BB6B229C61DE9008CA7CD /* UserDefaultsAccessible.swift */,
			);
			path = Helpers;
			sourceTree = "<group>";
		};
		9D91441E29A96F5100065776 /* SAKit */ = {
			isa = PBXGroup;
			children = (
				9D91441F29A96F7900065776 /* SAViewController.swift */,
				9D9AAA9629B0D5420019F7EE /* SATextViewWithSecureEntry.swift */,
				9DED6C3229B7E0C400366D2E /* SATextView.swift */,
				9D5BB6B629C61E70008CA7CD /* SAViewModel.swift */,
			);
			path = SAKit;
			sourceTree = "<group>";
		};
		9D9E131629B9F70B00B10C62 /* TabBar */ = {
			isa = PBXGroup;
			children = (
				9D9E132A29BA039000B10C62 /* MainTabBar */,
				9D9E131729BA025A00B10C62 /* Products */,
				9D9E131829BA025E00B10C62 /* Search */,
				9D9E131929BA026200B10C62 /* Profile */,
			);
			path = TabBar;
			sourceTree = "<group>";
		};
		9D9E131729BA025A00B10C62 /* Products */ = {
			isa = PBXGroup;
			children = (
				9D9E131D29BA030100B10C62 /* Controller */,
				9D9E131C29BA02FC00B10C62 /* ViewModel */,
				9D9E131B29BA02F800B10C62 /* Model */,
				9D9E131A29BA02F500B10C62 /* View */,
			);
			path = Products;
			sourceTree = "<group>";
		};
		9D9E131829BA025E00B10C62 /* Search */ = {
			isa = PBXGroup;
			children = (
				9D9E132529BA033F00B10C62 /* Model */,
				9D9E132429BA033A00B10C62 /* View */,
				9D9E132329BA033600B10C62 /* ModelView */,
				9D9E132229BA033300B10C62 /* Controller */,
			);
			path = Search;
			sourceTree = "<group>";
		};
		9D9E131929BA026200B10C62 /* Profile */ = {
			isa = PBXGroup;
			children = (
				9D9E132129BA032E00B10C62 /* Model */,
				9D9E132029BA032700B10C62 /* View */,
				9D9E131F29BA032100B10C62 /* ViewModel */,
				9D9E131E29BA031600B10C62 /* Controller */,
			);
			path = Profile;
			sourceTree = "<group>";
		};
		9D9E131A29BA02F500B10C62 /* View */ = {
			isa = PBXGroup;
			children = (
				9DAA3B1329BD694B0068FF2B /* ProductsViewCell.swift */,
			);
			path = View;
			sourceTree = "<group>";
		};
		9D9E131B29BA02F800B10C62 /* Model */ = {
			isa = PBXGroup;
			children = (
				9D9E134429BBC8D900B10C62 /* Products.swift */,
				9D9E134629BBC8E100B10C62 /* Rating.swift */,
			);
			path = Model;
			sourceTree = "<group>";
		};
		9D9E131C29BA02FC00B10C62 /* ViewModel */ = {
			isa = PBXGroup;
			children = (
				9DAA3B0F29BD616B0068FF2B /* ProductsViewModel.swift */,
			);
			path = ViewModel;
			sourceTree = "<group>";
		};
		9D9E131D29BA030100B10C62 /* Controller */ = {
			isa = PBXGroup;
			children = (
				9D9E132D29BA58B300B10C62 /* ProductsViewController.swift */,
			);
			path = Controller;
			sourceTree = "<group>";
		};
		9D9E131E29BA031600B10C62 /* Controller */ = {
			isa = PBXGroup;
			children = (
				9DBF87DC29CED60A00ADAEAA /* ProfileViewController.swift */,
			);
			path = Controller;
			sourceTree = "<group>";
		};
		9D9E131F29BA032100B10C62 /* ViewModel */ = {
			isa = PBXGroup;
			children = (
				9DBF87DA29CED5EE00ADAEAA /* ProfileViewModel.swift */,
			);
			path = ViewModel;
			sourceTree = "<group>";
		};
		9D9E132029BA032700B10C62 /* View */ = {
			isa = PBXGroup;
			children = (
				9DBF87D829CED55800ADAEAA /* ProfileView.swift */,
				9DC2E09D29D18E7200AD5398 /* FavoritesCollectionViewCell.swift */,
			);
			path = View;
			sourceTree = "<group>";
		};
		9D9E132129BA032E00B10C62 /* Model */ = {
			isa = PBXGroup;
			children = (
			);
			path = Model;
			sourceTree = "<group>";
		};
		9D9E132229BA033300B10C62 /* Controller */ = {
			isa = PBXGroup;
			children = (
				9D9E132F29BA58C600B10C62 /* SearchViewController.swift */,
			);
			path = Controller;
			sourceTree = "<group>";
		};
		9D9E132329BA033600B10C62 /* ModelView */ = {
			isa = PBXGroup;
			children = (
			);
			path = ModelView;
			sourceTree = "<group>";
		};
		9D9E132429BA033A00B10C62 /* View */ = {
			isa = PBXGroup;
			children = (
			);
			path = View;
			sourceTree = "<group>";
		};
		9D9E132529BA033F00B10C62 /* Model */ = {
			isa = PBXGroup;
			children = (
			);
			path = Model;
			sourceTree = "<group>";
		};
		9D9E132629BA036700B10C62 /* Controller */ = {
			isa = PBXGroup;
			children = (
				9D9E132B29BA03DD00B10C62 /* MainTabBarViewController.swift */,
			);
			path = Controller;
			sourceTree = "<group>";
		};
		9D9E132729BA036C00B10C62 /* ViewModel */ = {
			isa = PBXGroup;
			children = (
			);
			path = ViewModel;
			sourceTree = "<group>";
		};
		9D9E132829BA037800B10C62 /* View */ = {
			isa = PBXGroup;
			children = (
			);
			path = View;
			sourceTree = "<group>";
		};
		9D9E132929BA037B00B10C62 /* Model */ = {
			isa = PBXGroup;
			children = (
			);
			path = Model;
			sourceTree = "<group>";
		};
		9D9E132A29BA039000B10C62 /* MainTabBar */ = {
			isa = PBXGroup;
			children = (
				9D9E132929BA037B00B10C62 /* Model */,
				9D9E132829BA037800B10C62 /* View */,
				9D9E132729BA036C00B10C62 /* ViewModel */,
				9D9E132629BA036700B10C62 /* Controller */,
			);
			path = MainTabBar;
			sourceTree = "<group>";
		};
		9D9E133729BA8EF100B10C62 /* Network */ = {
			isa = PBXGroup;
			children = (
				9DFDFF6129BCE481001EF43E /* Base */,
				9DFDFF6229BCE484001EF43E /* Endpoints */,
				9DFDFF6329BCE488001EF43E /* Services */,
			);
			path = Network;
			sourceTree = "<group>";
		};
		9DAA3B1529BD6C200068FF2B /* OnboardingScreen */ = {
			isa = PBXGroup;
			children = (
				9D91441029A95B1A00065776 /* OnboardingScreenAssets.xcassets */,
			);
			path = OnboardingScreen;
			sourceTree = "<group>";
		};
		9DAA3B1629BD6C2B0068FF2B /* AuthScreen */ = {
			isa = PBXGroup;
			children = (
				9D91441229A95B2100065776 /* Placeholders.xcassets */,
				9D9AAA9829B0D6700019F7EE /* EyeIcons.xcassets */,
			);
			path = AuthScreen;
			sourceTree = "<group>";
		};
		9DAA3B1729BD6C3A0068FF2B /* MainTabBar */ = {
			isa = PBXGroup;
			children = (
				9D9E133529BA5CDB00B10C62 /* MainTabBarAssets.xcassets */,
			);
			path = MainTabBar;
			sourceTree = "<group>";
		};
		9DAA3B1829BD6C510068FF2B /* ProductsScreen */ = {
			isa = PBXGroup;
			children = (
				9DAA3B1929BD6C9D0068FF2B /* ProductsScreen.xcassets */,
			);
			path = ProductsScreen;
			sourceTree = "<group>";
		};
		9DE900DC2993DF130065416F /* Base */ = {
			isa = PBXGroup;
			children = (
				9D91440529A94B0100065776 /* ViewModel */,
				9DE900DD2993DF230065416F /* View */,
				9DE900E12993DF380065416F /* Controller */,
			);
			path = Base;
			sourceTree = "<group>";
		};
		9DE900DD2993DF230065416F /* View */ = {
			isa = PBXGroup;
			children = (
				9DE900E62993E84B0065416F /* OnboardingView.swift */,
			);
			path = View;
			sourceTree = "<group>";
		};
		9DE900E12993DF380065416F /* Controller */ = {
			isa = PBXGroup;
			children = (
				9DE900E42993E16E0065416F /* OnboardingViewController.swift */,
			);
			path = Controller;
			sourceTree = "<group>";
		};
		9DE900E82993E9B80065416F /* Extensions */ = {
			isa = PBXGroup;
			children = (
				9DCCF41729953169009FAFEC /* UIView+Extensions.swift */,
				9DE7781129B94CA400C83604 /* Encodable+Extensions.swift */,
				9D2AA65829C3B02000F84527 /* UIColor+Extensions.swift */,
			);
			path = Extensions;
			sourceTree = "<group>";
		};
		9DFDFF6129BCE481001EF43E /* Base */ = {
			isa = PBXGroup;
			children = (
				9DFDFF6429BCE4FE001EF43E /* Endpoint.swift */,
				9DFDFF6629BCE7EF001EF43E /* HTTPMethod.swift */,
				9DFDFF6829BCE814001EF43E /* RequestError.swift */,
				9DFDFF6A29BCE854001EF43E /* HTTPClient.swift */,
			);
			path = Base;
			sourceTree = "<group>";
		};
		9DFDFF6229BCE484001EF43E /* Endpoints */ = {
			isa = PBXGroup;
			children = (
				9DFDFF6E29BCF1F4001EF43E /* ProductsEndpoint.swift */,
			);
			path = Endpoints;
			sourceTree = "<group>";
		};
		9DFDFF6329BCE488001EF43E /* Services */ = {
			isa = PBXGroup;
			children = (
				9DFDFF7029BCF85E001EF43E /* ProductsService.swift */,
			);
			path = Services;
			sourceTree = "<group>";
		};
/* End PBXGroup section */

/* Begin PBXNativeTarget section */
		9D6A283F2992829E002454ED /* Shopping App */ = {
			isa = PBXNativeTarget;
			buildConfigurationList = 9D6A28542992829F002454ED /* Build configuration list for PBXNativeTarget "Shopping App" */;
			buildPhases = (
				9D6A283C2992829E002454ED /* Sources */,
				9D6A283D2992829E002454ED /* Frameworks */,
				9D6A283E2992829E002454ED /* Resources */,
				9D02EDD129A25C7400FF6F60 /* ShellScript */,
			);
			buildRules = (
			);
			dependencies = (
			);
			name = "Shopping App";
			packageProductDependencies = (
				9D83EB3529B8DD2E00B14C81 /* FirebaseAuth */,
				9D83EB3729B8DD2E00B14C81 /* FirebaseDatabaseSwift */,
				9D83EB3929B8DD2E00B14C81 /* FirebaseFirestoreSwift */,
				9D83EB3B29B8DD2E00B14C81 /* FirebaseRemoteConfigSwift */,
				9D83EB3D29B8DD2E00B14C81 /* FirebaseStorage */,
			);
			productName = "Shopping App";
			productReference = 9D6A28402992829E002454ED /* Shopping App.app */;
			productType = "com.apple.product-type.application";
		};
/* End PBXNativeTarget section */

/* Begin PBXProject section */
		9D6A28382992829E002454ED /* Project object */ = {
			isa = PBXProject;
			attributes = {
				BuildIndependentTargetsInParallel = 1;
				LastSwiftUpdateCheck = 1420;
				LastUpgradeCheck = 1420;
				TargetAttributes = {
					9D6A283F2992829E002454ED = {
						CreatedOnToolsVersion = 14.2;
					};
				};
			};
			buildConfigurationList = 9D6A283B2992829E002454ED /* Build configuration list for PBXProject "Shopping App" */;
			compatibilityVersion = "Xcode 14.0";
			developmentRegion = en;
			hasScannedForEncodings = 0;
			knownRegions = (
				en,
				Base,
			);
			mainGroup = 9D6A28372992829E002454ED;
			packageReferences = (
				9D83EB3429B8DD2E00B14C81 /* XCRemoteSwiftPackageReference "firebase-ios-sdk" */,
			);
			productRefGroup = 9D6A28412992829E002454ED /* Products */;
			projectDirPath = "";
			projectRoot = "";
			targets = (
				9D6A283F2992829E002454ED /* Shopping App */,
			);
		};
/* End PBXProject section */

/* Begin PBXResourcesBuildPhase section */
		9D6A283E2992829E002454ED /* Resources */ = {
			isa = PBXResourcesBuildPhase;
			buildActionMask = 2147483647;
			files = (
				9D6A28502992829F002454ED /* LaunchScreen.storyboard in Resources */,
				9D6A284D2992829F002454ED /* Assets.xcassets in Resources */,
				9D91441129A95B1A00065776 /* OnboardingScreenAssets.xcassets in Resources */,
				9D9AAA9929B0D6700019F7EE /* EyeIcons.xcassets in Resources */,
				9D45849029C7C2B70017512F /* CartScreen.xcassets in Resources */,
				9D91441329A95B2100065776 /* Placeholders.xcassets in Resources */,
				9D9E133629BA5CDB00B10C62 /* MainTabBarAssets.xcassets in Resources */,
				9D83EB4029B8EC4700B14C81 /* GoogleService-Info.plist in Resources */,
				9DAA3B1A29BD6C9D0068FF2B /* ProductsScreen.xcassets in Resources */,
			);
			runOnlyForDeploymentPostprocessing = 0;
		};
/* End PBXResourcesBuildPhase section */

/* Begin PBXShellScriptBuildPhase section */
		9D02EDD129A25C7400FF6F60 /* ShellScript */ = {
			isa = PBXShellScriptBuildPhase;
			buildActionMask = 12;
			files = (
			);
			inputFileListPaths = (
			);
			inputPaths = (
			);
			outputFileListPaths = (
			);
			outputPaths = (
			);
			runOnlyForDeploymentPostprocessing = 0;
			shellPath = /bin/sh;
			shellScript = "export PATH=\"$PATH:/opt/homebrew/bin\"\nif which swiftlint > /dev/null; then\n  swiftlint\nelse\n  echo \"warning: SwiftLint not installed, download from https://github.com/realm/SwiftLint\"\nfi\n";
		};
/* End PBXShellScriptBuildPhase section */

/* Begin PBXSourcesBuildPhase section */
		9D6A283C2992829E002454ED /* Sources */ = {
			isa = PBXSourcesBuildPhase;
			buildActionMask = 2147483647;
			files = (
				9D2AA65729C2CA5A00F84527 /* ProductDetailViewModel.swift in Sources */,
				9D5BB6B529C61E5F008CA7CD /* FireStoreAccessible.swift in Sources */,
				9DAA3B1429BD694B0068FF2B /* ProductsViewCell.swift in Sources */,
				9DFDFF6729BCE7EF001EF43E /* HTTPMethod.swift in Sources */,
				9D5BB6A329C4B3C8008CA7CD /* CartViewModel.swift in Sources */,
				9D91440D29A94BBD00065776 /* OnboardingPageView.swift in Sources */,
				9D2AA65529C28E4C00F84527 /* ProductDetailViewController.swift in Sources */,
				9DE900E72993E84B0065416F /* OnboardingView.swift in Sources */,
				9D5BB69D29C3FAB3008CA7CD /* CartViewController.swift in Sources */,
				9D91442229A96F9C00065776 /* AlertPresentable.swift in Sources */,
				9D9E132E29BA58B300B10C62 /* ProductsViewController.swift in Sources */,
				9D9E132C29BA03DD00B10C62 /* MainTabBarViewController.swift in Sources */,
				9DC2E09E29D18E7200AD5398 /* FavoritesCollectionViewCell.swift in Sources */,
				9D5BB6B129C556BF008CA7CD /* DataDownloader.swift in Sources */,
				9D91442029A96F7900065776 /* SAViewController.swift in Sources */,
				9D5BB69729C3F80B008CA7CD /* ProductsManager.swift in Sources */,
				9D2AA65329C28CB700F84527 /* ProductDetailView.swift in Sources */,
				9D2AA65929C3B02000F84527 /* UIColor+Extensions.swift in Sources */,
				9DFDFF6929BCE814001EF43E /* RequestError.swift in Sources */,
				9D83EB3329B8D3F900B14C81 /* User.swift in Sources */,
				9DFDFF6B29BCE854001EF43E /* HTTPClient.swift in Sources */,
				9D91440F29A9541B00065776 /* OnboardingViewModel.swift in Sources */,
				9D91440B29A94BB300065776 /* PageModel.swift in Sources */,
				9D91441B29A966D900065776 /* AuthViewController.swift in Sources */,
				9D5BB6AF29C51B4A008CA7CD /* FireStoreReadAndWritable.swift in Sources */,
				9D5BB6B729C61E70008CA7CD /* SAViewModel.swift in Sources */,
				9D9E133029BA58C600B10C62 /* SearchViewController.swift in Sources */,
				9DE900E52993E16E0065416F /* OnboardingViewController.swift in Sources */,
				9DED6C3329B7E0C400366D2E /* SATextView.swift in Sources */,
				9D7D6EBF29AFE0EE007A9F47 /* AuthViewModel.swift in Sources */,
				9DCCF41829953169009FAFEC /* UIView+Extensions.swift in Sources */,
				9DAA3B1029BD616B0068FF2B /* ProductsViewModel.swift in Sources */,
				9D12994129B4C2A7006A1E4A /* SignUpView.swift in Sources */,
				9D9AAA9729B0D5420019F7EE /* SATextViewWithSecureEntry.swift in Sources */,
				9DFDFF6F29BCF1F4001EF43E /* ProductsEndpoint.swift in Sources */,
				9D7D6EBD29AFE06D007A9F47 /* LogInView.swift in Sources */,
				9D6A28442992829E002454ED /* AppDelegate.swift in Sources */,
				9DBF87D929CED55800ADAEAA /* ProfileView.swift in Sources */,
				9DBF87DB29CED5EE00ADAEAA /* ProfileViewModel.swift in Sources */,
				9DBF87DD29CED60A00ADAEAA /* ProfileViewController.swift in Sources */,
				9D9E134729BBC8E100B10C62 /* Rating.swift in Sources */,
				9DE7781229B94CA400C83604 /* Encodable+Extensions.swift in Sources */,
				9D9E134529BBC8D900B10C62 /* Products.swift in Sources */,
				9D5BB6B329C61DE9008CA7CD /* UserDefaultsAccessible.swift in Sources */,
				9DFDFF6529BCE4FE001EF43E /* Endpoint.swift in Sources */,
				9D5BB69F29C3FABF008CA7CD /* CartTableViewCell.swift in Sources */,
				9DC2E0A029D1E46300AD5398 /* FirebaseStorable.swift in Sources */,
				9DFDFF7129BCF85E001EF43E /* ProductsService.swift in Sources */,
			);
			runOnlyForDeploymentPostprocessing = 0;
		};
/* End PBXSourcesBuildPhase section */

/* Begin PBXVariantGroup section */
		9D6A284E2992829F002454ED /* LaunchScreen.storyboard */ = {
			isa = PBXVariantGroup;
			children = (
				9D6A284F2992829F002454ED /* Base */,
			);
			name = LaunchScreen.storyboard;
			sourceTree = "<group>";
		};
/* End PBXVariantGroup section */

/* Begin XCBuildConfiguration section */
		9D6A28522992829F002454ED /* Debug */ = {
			isa = XCBuildConfiguration;
			buildSettings = {
				ALWAYS_SEARCH_USER_PATHS = NO;
				CLANG_ANALYZER_NONNULL = YES;
				CLANG_ANALYZER_NUMBER_OBJECT_CONVERSION = YES_AGGRESSIVE;
				CLANG_CXX_LANGUAGE_STANDARD = "gnu++20";
				CLANG_ENABLE_MODULES = YES;
				CLANG_ENABLE_OBJC_ARC = YES;
				CLANG_ENABLE_OBJC_WEAK = YES;
				CLANG_WARN_BLOCK_CAPTURE_AUTORELEASING = YES;
				CLANG_WARN_BOOL_CONVERSION = YES;
				CLANG_WARN_COMMA = YES;
				CLANG_WARN_CONSTANT_CONVERSION = YES;
				CLANG_WARN_DEPRECATED_OBJC_IMPLEMENTATIONS = YES;
				CLANG_WARN_DIRECT_OBJC_ISA_USAGE = YES_ERROR;
				CLANG_WARN_DOCUMENTATION_COMMENTS = YES;
				CLANG_WARN_EMPTY_BODY = YES;
				CLANG_WARN_ENUM_CONVERSION = YES;
				CLANG_WARN_INFINITE_RECURSION = YES;
				CLANG_WARN_INT_CONVERSION = YES;
				CLANG_WARN_NON_LITERAL_NULL_CONVERSION = YES;
				CLANG_WARN_OBJC_IMPLICIT_RETAIN_SELF = YES;
				CLANG_WARN_OBJC_LITERAL_CONVERSION = YES;
				CLANG_WARN_OBJC_ROOT_CLASS = YES_ERROR;
				CLANG_WARN_QUOTED_INCLUDE_IN_FRAMEWORK_HEADER = YES;
				CLANG_WARN_RANGE_LOOP_ANALYSIS = YES;
				CLANG_WARN_STRICT_PROTOTYPES = YES;
				CLANG_WARN_SUSPICIOUS_MOVE = YES;
				CLANG_WARN_UNGUARDED_AVAILABILITY = YES_AGGRESSIVE;
				CLANG_WARN_UNREACHABLE_CODE = YES;
				CLANG_WARN__DUPLICATE_METHOD_MATCH = YES;
				COPY_PHASE_STRIP = NO;
				DEBUG_INFORMATION_FORMAT = dwarf;
				ENABLE_STRICT_OBJC_MSGSEND = YES;
				ENABLE_TESTABILITY = YES;
				GCC_C_LANGUAGE_STANDARD = gnu11;
				GCC_DYNAMIC_NO_PIC = NO;
				GCC_NO_COMMON_BLOCKS = YES;
				GCC_OPTIMIZATION_LEVEL = 0;
				GCC_PREPROCESSOR_DEFINITIONS = (
					"DEBUG=1",
					"$(inherited)",
				);
				GCC_WARN_64_TO_32_BIT_CONVERSION = YES;
				GCC_WARN_ABOUT_RETURN_TYPE = YES_ERROR;
				GCC_WARN_UNDECLARED_SELECTOR = YES;
				GCC_WARN_UNINITIALIZED_AUTOS = YES_AGGRESSIVE;
				GCC_WARN_UNUSED_FUNCTION = YES;
				GCC_WARN_UNUSED_VARIABLE = YES;
				IPHONEOS_DEPLOYMENT_TARGET = 16.2;
				MTL_ENABLE_DEBUG_INFO = INCLUDE_SOURCE;
				MTL_FAST_MATH = YES;
				ONLY_ACTIVE_ARCH = YES;
				SDKROOT = iphoneos;
				SWIFT_ACTIVE_COMPILATION_CONDITIONS = DEBUG;
				SWIFT_OPTIMIZATION_LEVEL = "-Onone";
			};
			name = Debug;
		};
		9D6A28532992829F002454ED /* Release */ = {
			isa = XCBuildConfiguration;
			buildSettings = {
				ALWAYS_SEARCH_USER_PATHS = NO;
				CLANG_ANALYZER_NONNULL = YES;
				CLANG_ANALYZER_NUMBER_OBJECT_CONVERSION = YES_AGGRESSIVE;
				CLANG_CXX_LANGUAGE_STANDARD = "gnu++20";
				CLANG_ENABLE_MODULES = YES;
				CLANG_ENABLE_OBJC_ARC = YES;
				CLANG_ENABLE_OBJC_WEAK = YES;
				CLANG_WARN_BLOCK_CAPTURE_AUTORELEASING = YES;
				CLANG_WARN_BOOL_CONVERSION = YES;
				CLANG_WARN_COMMA = YES;
				CLANG_WARN_CONSTANT_CONVERSION = YES;
				CLANG_WARN_DEPRECATED_OBJC_IMPLEMENTATIONS = YES;
				CLANG_WARN_DIRECT_OBJC_ISA_USAGE = YES_ERROR;
				CLANG_WARN_DOCUMENTATION_COMMENTS = YES;
				CLANG_WARN_EMPTY_BODY = YES;
				CLANG_WARN_ENUM_CONVERSION = YES;
				CLANG_WARN_INFINITE_RECURSION = YES;
				CLANG_WARN_INT_CONVERSION = YES;
				CLANG_WARN_NON_LITERAL_NULL_CONVERSION = YES;
				CLANG_WARN_OBJC_IMPLICIT_RETAIN_SELF = YES;
				CLANG_WARN_OBJC_LITERAL_CONVERSION = YES;
				CLANG_WARN_OBJC_ROOT_CLASS = YES_ERROR;
				CLANG_WARN_QUOTED_INCLUDE_IN_FRAMEWORK_HEADER = YES;
				CLANG_WARN_RANGE_LOOP_ANALYSIS = YES;
				CLANG_WARN_STRICT_PROTOTYPES = YES;
				CLANG_WARN_SUSPICIOUS_MOVE = YES;
				CLANG_WARN_UNGUARDED_AVAILABILITY = YES_AGGRESSIVE;
				CLANG_WARN_UNREACHABLE_CODE = YES;
				CLANG_WARN__DUPLICATE_METHOD_MATCH = YES;
				COPY_PHASE_STRIP = NO;
				DEBUG_INFORMATION_FORMAT = "dwarf-with-dsym";
				ENABLE_NS_ASSERTIONS = NO;
				ENABLE_STRICT_OBJC_MSGSEND = YES;
				GCC_C_LANGUAGE_STANDARD = gnu11;
				GCC_NO_COMMON_BLOCKS = YES;
				GCC_WARN_64_TO_32_BIT_CONVERSION = YES;
				GCC_WARN_ABOUT_RETURN_TYPE = YES_ERROR;
				GCC_WARN_UNDECLARED_SELECTOR = YES;
				GCC_WARN_UNINITIALIZED_AUTOS = YES_AGGRESSIVE;
				GCC_WARN_UNUSED_FUNCTION = YES;
				GCC_WARN_UNUSED_VARIABLE = YES;
				IPHONEOS_DEPLOYMENT_TARGET = 16.2;
				MTL_ENABLE_DEBUG_INFO = NO;
				MTL_FAST_MATH = YES;
				SDKROOT = iphoneos;
				SWIFT_COMPILATION_MODE = wholemodule;
				SWIFT_OPTIMIZATION_LEVEL = "-O";
				VALIDATE_PRODUCT = YES;
			};
			name = Release;
		};
		9D6A28552992829F002454ED /* Debug */ = {
			isa = XCBuildConfiguration;
			buildSettings = {
				ASSETCATALOG_COMPILER_APPICON_NAME = AppIcon;
				ASSETCATALOG_COMPILER_GLOBAL_ACCENT_COLOR_NAME = AccentColor;
				CODE_SIGN_STYLE = Automatic;
				CURRENT_PROJECT_VERSION = 1;
				DEVELOPMENT_TEAM = B76Q6KN467;
				GENERATE_INFOPLIST_FILE = YES;
				INFOPLIST_FILE = "Shopping App/App/Plist/Info.plist";
				INFOPLIST_KEY_LSApplicationCategoryType = "public.app-category.shopping";
				INFOPLIST_KEY_UIApplicationSupportsIndirectInputEvents = YES;
				INFOPLIST_KEY_UILaunchStoryboardName = LaunchScreen;
				INFOPLIST_KEY_UISupportedInterfaceOrientations = UIInterfaceOrientationPortrait;
				IPHONEOS_DEPLOYMENT_TARGET = 12.0;
				LD_RUNPATH_SEARCH_PATHS = (
					"$(inherited)",
					"@executable_path/Frameworks",
				);
				MARKETING_VERSION = 0.1;
				PRODUCT_BUNDLE_IDENTIFIER = "com.omerfkzr.Shopping-App";
				PRODUCT_NAME = "$(TARGET_NAME)";
				SUPPORTED_PLATFORMS = "iphoneos iphonesimulator";
				SUPPORTS_MACCATALYST = NO;
				SUPPORTS_MAC_DESIGNED_FOR_IPHONE_IPAD = NO;
				SWIFT_EMIT_LOC_STRINGS = YES;
				SWIFT_VERSION = 5.0;
				TARGETED_DEVICE_FAMILY = 1;
			};
			name = Debug;
		};
		9D6A28562992829F002454ED /* Release */ = {
			isa = XCBuildConfiguration;
			buildSettings = {
				ASSETCATALOG_COMPILER_APPICON_NAME = AppIcon;
				ASSETCATALOG_COMPILER_GLOBAL_ACCENT_COLOR_NAME = AccentColor;
				CODE_SIGN_STYLE = Automatic;
				CURRENT_PROJECT_VERSION = 1;
				DEVELOPMENT_TEAM = B76Q6KN467;
				GENERATE_INFOPLIST_FILE = YES;
				INFOPLIST_FILE = "Shopping App/App/Plist/Info.plist";
				INFOPLIST_KEY_LSApplicationCategoryType = "public.app-category.shopping";
				INFOPLIST_KEY_UIApplicationSupportsIndirectInputEvents = YES;
				INFOPLIST_KEY_UILaunchStoryboardName = LaunchScreen;
				INFOPLIST_KEY_UISupportedInterfaceOrientations = UIInterfaceOrientationPortrait;
				IPHONEOS_DEPLOYMENT_TARGET = 12.0;
				LD_RUNPATH_SEARCH_PATHS = (
					"$(inherited)",
					"@executable_path/Frameworks",
				);
				MARKETING_VERSION = 0.1;
				PRODUCT_BUNDLE_IDENTIFIER = "com.omerfkzr.Shopping-App";
				PRODUCT_NAME = "$(TARGET_NAME)";
				SUPPORTED_PLATFORMS = "iphoneos iphonesimulator";
				SUPPORTS_MACCATALYST = NO;
				SUPPORTS_MAC_DESIGNED_FOR_IPHONE_IPAD = NO;
				SWIFT_EMIT_LOC_STRINGS = YES;
				SWIFT_VERSION = 5.0;
				TARGETED_DEVICE_FAMILY = 1;
			};
			name = Release;
		};
/* End XCBuildConfiguration section */

/* Begin XCConfigurationList section */
		9D6A283B2992829E002454ED /* Build configuration list for PBXProject "Shopping App" */ = {
			isa = XCConfigurationList;
			buildConfigurations = (
				9D6A28522992829F002454ED /* Debug */,
				9D6A28532992829F002454ED /* Release */,
			);
			defaultConfigurationIsVisible = 0;
			defaultConfigurationName = Release;
		};
		9D6A28542992829F002454ED /* Build configuration list for PBXNativeTarget "Shopping App" */ = {
			isa = XCConfigurationList;
			buildConfigurations = (
				9D6A28552992829F002454ED /* Debug */,
				9D6A28562992829F002454ED /* Release */,
			);
			defaultConfigurationIsVisible = 0;
			defaultConfigurationName = Release;
		};
/* End XCConfigurationList section */

/* Begin XCRemoteSwiftPackageReference section */
		9D83EB3429B8DD2E00B14C81 /* XCRemoteSwiftPackageReference "firebase-ios-sdk" */ = {
			isa = XCRemoteSwiftPackageReference;
			repositoryURL = "https://github.com/firebase/firebase-ios-sdk";
			requirement = {
				kind = upToNextMajorVersion;
				minimumVersion = 9.0.0;
			};
		};
/* End XCRemoteSwiftPackageReference section */

/* Begin XCSwiftPackageProductDependency section */
		9D83EB3529B8DD2E00B14C81 /* FirebaseAuth */ = {
			isa = XCSwiftPackageProductDependency;
			package = 9D83EB3429B8DD2E00B14C81 /* XCRemoteSwiftPackageReference "firebase-ios-sdk" */;
			productName = FirebaseAuth;
		};
		9D83EB3729B8DD2E00B14C81 /* FirebaseDatabaseSwift */ = {
			isa = XCSwiftPackageProductDependency;
			package = 9D83EB3429B8DD2E00B14C81 /* XCRemoteSwiftPackageReference "firebase-ios-sdk" */;
			productName = FirebaseDatabaseSwift;
		};
		9D83EB3929B8DD2E00B14C81 /* FirebaseFirestoreSwift */ = {
			isa = XCSwiftPackageProductDependency;
			package = 9D83EB3429B8DD2E00B14C81 /* XCRemoteSwiftPackageReference "firebase-ios-sdk" */;
			productName = FirebaseFirestoreSwift;
		};
		9D83EB3B29B8DD2E00B14C81 /* FirebaseRemoteConfigSwift */ = {
			isa = XCSwiftPackageProductDependency;
			package = 9D83EB3429B8DD2E00B14C81 /* XCRemoteSwiftPackageReference "firebase-ios-sdk" */;
			productName = FirebaseRemoteConfigSwift;
		};
		9D83EB3D29B8DD2E00B14C81 /* FirebaseStorage */ = {
			isa = XCSwiftPackageProductDependency;
			package = 9D83EB3429B8DD2E00B14C81 /* XCRemoteSwiftPackageReference "firebase-ios-sdk" */;
			productName = FirebaseStorage;
		};
/* End XCSwiftPackageProductDependency section */
	};
	rootObject = 9D6A28382992829E002454ED /* Project object */;
}
